version = 1
revision = 3
requires-python = "==3.12.*"

[[package]]
name = "absl-py"
version = "2.5.0"
source = { registry = "https://pypi.org/simple" }
sdist = { url = "https://files.pythonhosted.org/packages/d0/4f/d79676ab82f2e42fc3611618139f13a9c4c31d0cff4b486982047679a802/absl_py-2.5.0.tar.gz", hash = "sha256:0c996f25c0490700fadabe6351630f6111534fa0ae252cc6d2014ea3b141135f", size = 118119, upload-time = "2026-07-03T10:57:48.157Z" }
wheels = [
    { url = "https://files.pythonhosted.org/packages/58/0a/a10b45aab35b175aded078a462dc8d0c698f5b13946e7cb0869097b78bb6/absl_py-2.5.0-py3-none-any.whl", hash = "sha256:0f17b89f2a4eaaedc4f28c622998aa690564b3012a396a4ffad0821007fe03ba", size = 137410, upload-time = "2026-07-03T10:57:46.735Z" },
]

[[package]]
name = "astunparse"
version = "1.6.3"
source = { registry = "https://pypi.org/simple" }
dependencies = [
    { name = "six" },
    { name = "wheel" },
]
sdist = { url = "https://files.pythonhosted.org/packages/f3/af/4182184d3c338792894f34a62672919db7ca008c89abee9b564dd34d8029/astunparse-1.6.3.tar.gz", hash = "sha256:5ad93a8456f0d084c3456d059fd9a92cce667963232cbf763eac3bc5b7940872", size = 18290, upload-time = "2019-12-22T18:12:13.129Z" }
wheels = [
    { url = "https://files.pythonhosted.org/packages/2b/03/13dde6512ad7b4557eb792fbcf0c653af6076b81e5941d36ec61f7ce6028/astunparse-1.6.3-py2.py3-none-any.whl", hash = "sha256:c2652417f2c8b5bb325c885ae329bdf3f86424075c4fd1a128674bc6fba4b8e8", size = 12732, upload-time = "2019-12-22T18:12:11.297Z" },
]

[[package]]
name = "certifi"
version = "2026.6.17"
source = { registry = "https://pypi.org/simple" }
sdist = { url = "https://files.pythonhosted.org/packages/c9/c7/424b75da314c1045981bd9777432fad05a9e0c69daa4ed7e308bbaffe405/certifi-2026.6.17.tar.gz", hash = "sha256:024c88eeec92ca068db80f02b8b07c9cef7b9fe261d1d535abfd5abd6f6af432", size = 134594, upload-time = "2026-06-17T10:31:07.894Z" }
wheels = [
    { url = "https://files.pythonhosted.org/packages/ef/2f/c5464532e965badff2f4c4c1a3a83f5697f0d7c407ed0cda44aaa99bb451/certifi-2026.6.17-py3-none-any.whl", hash = "sha256:2227dcbaafe0d2f59279d1762ddddc37783ed4354594f194ffc31d20f41fc3db", size = 133289, upload-time = "2026-06-17T10:31:06.348Z" },
]

[[package]]
name = "charset-normalizer"
version = "3.4.9"
source = { registry = "https://pypi.org/simple" }
sdist = { url = "https://files.pythonhosted.org/packages/bd/2a/23f34ec9d04624958e137efdc394888716353190e75f25dd22c7a2c7a8aa/charset_normalizer-3.4.9.tar.gz", hash = "sha256:673611bbd43f0810bec0b0f028ddeaaa501190339cac411f347ac76917c3ae7b", size = 152439, upload-time = "2026-07-07T14:34:58.454Z" }
wheels = [
    { url = "https://files.pythonhosted.org/packages/70/4a/ecbd131485c07fcdfad54e28946d513e3da22ef3b4bd854dcafae54ec739/charset_normalizer-3.4.9-cp312-cp312-macosx_10_13_universal2.whl", hash = "sha256:45b0cc4e3556cd875e09102988d1ab8356c998b596c9fced84547c8138b487a0", size = 319300, upload-time = "2026-07-07T14:33:15.666Z" },
    { url = "https://files.pythonhosted.org/packages/ec/96/5d9364e3342d69f3a045e1777bc47c85c383e6e9466d561b33fdb419d1f9/charset_normalizer-3.4.9-cp312-cp312-manylinux2014_aarch64.manylinux_2_17_aarch64.manylinux_2_28_aarch64.whl", hash = "sha256:9b2aff1c7b3884512b9512c3eaadd9bab39fb45042ffaaa1dd08ff2b9f8109d9", size = 215802, upload-time = "2026-07-07T14:33:17.031Z" },
    { url = "https://files.pythonhosted.org/packages/4b/4c/5361f9aa7f2cb58d94f2ab831b3d493f69efb1d239654b4744e3c09527cb/charset_normalizer-3.4.9-cp312-cp312-manylinux2014_ppc64le.manylinux_2_17_ppc64le.manylinux_2_28_ppc64le.whl", hash = "sha256:9104ed0bd76a429d46f9ec0dbc9b08ad1d2dcdf2b00a5a0daa1c145329b35b44", size = 237171, upload-time = "2026-07-07T14:33:18.576Z" },
    { url = "https://files.pythonhosted.org/packages/50/78/ce342ca4ff30b2eb49fe6d9578df85974f90c67d294113e94efdd9664cbd/charset_normalizer-3.4.9-cp312-cp312-manylinux2014_s390x.manylinux_2_17_s390x.manylinux_2_28_s390x.whl", hash = "sha256:7b86a2b16095d250c6f58b3d9b2eee6f4147754344f3dab0922f7c9bf7d226c9", size = 233075, upload-time = "2026-07-07T14:33:20.084Z" },
    { url = "https://files.pythonhosted.org/packages/01/c4/4fa4c8b3097a11f3c5f09a35b72ed6855fb1d332469504962ab7bafcc702/charset_normalizer-3.4.9-cp312-cp312-manylinux2014_x86_64.manylinux_2_17_x86_64.manylinux_2_28_x86_64.whl", hash = "sha256:5e226f6218febc71f6c1fc2fafb91c226f75bdc1d8fb12d66823716e891608fd", size = 224256, upload-time = "2026-07-07T14:33:21.747Z" },
    { url = "https://files.pythonhosted.org/packages/87/3a/ad914516df7e358a81aae018caa5e0470ba827fa6d763b1d2e87d920a5f6/charset_normalizer-3.4.9-cp312-cp312-manylinux_2_31_armv7l.whl", hash = "sha256:90c44bc373b7687f6948b693cceaea1348ae0975d7474746559494468e3c1d84", size = 208784, upload-time = "2026-07-07T14:33:23.313Z" },
    { url = "https://files.pythonhosted.org/packages/d7/74/3c12f9755717dfe5c5c87da63f35d765fa0c00382ec26bf23f7fae34f2ba/charset_normalizer-3.4.9-cp312-cp312-manylinux_2_31_riscv64.manylinux_2_39_riscv64.whl", hash = "sha256:9cdef90ae47919cae358d8ab15797a800ed41da7aba5d72419fb510729e2ed4b", size = 219928, upload-time = "2026-07-07T14:33:24.814Z" },
    { url = "https://files.pythonhosted.org/packages/33/9a/895095b83e7907abd6d3d99aad3a38ad0d9686cc186cb0c94c24320fe63e/charset_normalizer-3.4.9-cp312-cp312-musllinux_1_2_aarch64.whl", hash = "sha256:60f44ade2cf573dad7a277e6f8ca9a51a21dda572b13bd7d8539bb3cd5dbedde", size = 218489, upload-time = "2026-07-07T14:33:26.42Z" },
    { url = "https://files.pythonhosted.org/packages/a1/34/ef5c05f412f42520d7709b7d3784d19640839eb7366ded1755511585429f/charset_normalizer-3.4.9-cp312-cp312-musllinux_1_2_armv7l.whl", hash = "sha256:a1786910334ed46ab1dd73222f2cd1e05c2c3bb39f6dddb4f8b36fc382058a39", size = 210267, upload-time = "2026-07-07T14:33:27.952Z" },
    { url = "https://files.pythonhosted.org/packages/83/dc/9b29fa4412b318bf3bfea985c35d67eb55e04b59a7c3f2237168b0e0be6f/charset_normalizer-3.4.9-cp312-cp312-musllinux_1_2_x86_64.whl", hash = "sha256:03d07803992c6c7bbc976327f34b18b6160327fc81cb82c9d504720ac0be3b62", size = 226030, upload-time = "2026-07-07T14:33:29.397Z" },
    { url = "https://files.pythonhosted.org/packages/0e/42/6dbc00b8cd16011691203e33570fa42ed5746599a2e878112d16eab403a3/charset_normalizer-3.4.9-cp312-cp312-win32.whl", hash = "sha256:78841cccf1af7b40f6f716338d50c0902dbe88d9f800b3c973b7a9a0a693a642", size = 151185, upload-time = "2026-07-07T14:33:30.781Z" },
    { url = "https://files.pythonhosted.org/packages/80/cc/f920afd1a23c58ccd53c1d36085a71893a4737ff5e66e0371efab6809850/charset_normalizer-3.4.9-cp312-cp312-win_amd64.whl", hash = "sha256:4b3dac63058cc36820b0dd072f89898604e2d39686fe05321729d00d8ac185a0", size = 162557, upload-time = "2026-07-07T14:33:32.176Z" },
    { url = "https://files.pythonhosted.org/packages/f0/e6/0386d43a261ff4e4b30c5857af7df877254b46bec7b9d1b74b6bf969a90b/charset_normalizer-3.4.9-cp312-cp312-win_arm64.whl", hash = "sha256:78fa18e436a1a0e58dbd7e02fc4473f3f32cceb12df9dfca542d075961c307d2", size = 152665, upload-time = "2026-07-07T14:33:33.711Z" },
    { url = "https://files.pythonhosted.org/packages/98/2b/f97f1c193fb855c345d678f5077d6926034db0722df74c8f057020e05a25/charset_normalizer-3.4.9-py3-none-any.whl", hash = "sha256:68e5f26a1ad57ded6d1cfb85331d1c1a195314756471d97758c48498bb4dcdf5", size = 64538, upload-time = "2026-07-07T14:34:56.993Z" },
]

[[package]]
name = "flatbuffers"
version = "25.12.19"
source = { registry = "https://pypi.org/simple" }
wheels = [
    { url = "https://files.pythonhosted.org/packages/e8/2d/d2a548598be01649e2d46231d151a6c56d10b964d94043a335ae56ea2d92/flatbuffers-25.12.19-py2.py3-none-any.whl", hash = "sha256:7634f50c427838bb021c2d66a3d1168e9d199b0607e6329399f04846d42e20b4", size = 26661, upload-time = "2025-12-19T23:16:13.622Z" },
]

[[package]]
name = "gast"
version = "0.7.0"
source = { registry = "https://pypi.org/simple" }
sdist = { url = "https://files.pythonhosted.org/packages/91/f6/e73969782a2ecec280f8a176f2476149dd9dba69d5f8779ec6108a7721e6/gast-0.7.0.tar.gz", hash = "sha256:0bb14cd1b806722e91ddbab6fb86bba148c22b40e7ff11e248974e04c8adfdae", size = 33630, upload-time = "2025-11-29T15:30:05.266Z" }
wheels = [
    { url = "https://files.pythonhosted.org/packages/1d/33/f1c6a276de27b7d7339a34749cc33fa87f077f921969c47185d34a887ae2/gast-0.7.0-py3-none-any.whl", hash = "sha256:99cbf1365633a74099f69c59bd650476b96baa5ef196fec88032b00b31ba36f7", size = 22966, upload-time = "2025-11-29T15:30:03.983Z" },
]

[[package]]
name = "google-pasta"
version = "0.2.0"
source = { registry = "https://pypi.org/simple" }
dependencies = [
    { name = "six" },
]
sdist = { url = "https://files.pythonhosted.org/packages/35/4a/0bd53b36ff0323d10d5f24ebd67af2de10a1117f5cf4d7add90df92756f1/google-pasta-0.2.0.tar.gz", hash = "sha256:c9f2c8dfc8f96d0d5808299920721be30c9eec37f2389f28904f454565c8a16e", size = 40430, upload-time = "2020-03-13T18:57:50.34Z" }
wheels = [
    { url = "https://files.pythonhosted.org/packages/a3/de/c648ef6835192e6e2cc03f40b19eeda4382c49b5bafb43d88b931c4c74ac/google_pasta-0.2.0-py3-none-any.whl", hash = "sha256:b32482794a366b5366a32c92a9a9201b107821889935a02b3e51f6b432ea84ed", size = 57471, upload-time = "2020-03-13T18:57:48.872Z" },
]

[[package]]
name = "grpcio"
version = "1.82.1"
source = { registry = "https://pypi.org/simple" }
dependencies = [
    { name = "typing-extensions" },
]
sdist = { url = "https://files.pythonhosted.org/packages/90/bc/656b89387d6f4ed7e0686c7b64c2ae7e554a759aa58122c8e5fb99392c32/grpcio-1.82.1.tar.gz", hash = "sha256:707b24abd90fcb1e45bcc080577da1dbf9971d107490589b9539af8e1e77b4b5", size = 13187300, upload-time = "2026-07-08T12:36:16.588Z" }
wheels = [
    { url = "https://files.pythonhosted.org/packages/dc/88/d1350bf3343a2ed87d801584e40609f6c6bd3087926eeca03de50348cf4a/grpcio-1.82.1-cp312-cp312-linux_armv7l.whl", hash = "sha256:c09bd5fa0d5b1fbd773ec349fe61441c3e4ebf168c229aa7538a820bdfad6a58", size = 6144689, upload-time = "2026-07-08T12:34:55.567Z" },
    { url = "https://files.pythonhosted.org/packages/e6/33/71875cdecd27c24ac1385d4783a09853f01b84a825a36aec2a2bc7d0d080/grpcio-1.82.1-cp312-cp312-macosx_11_0_universal2.whl", hash = "sha256:1eae24810720734598e3e6a1a528d5de0f265fe3fc86575e9ecce424b9ec7379", size = 11952034, upload-time = "2026-07-08T12:34:58.128Z" },
    { url = "https://files.pythonhosted.org/packages/82/b2/d9125df3d8a140dec12cc82c05b7deafedeababcff6496f28b2fd5634d10/grpcio-1.82.1-cp312-cp312-manylinux2014_aarch64.manylinux_2_17_aarch64.whl", hash = "sha256:a6bd5daf5bde7b24d7ad2cbaf8bf9eac620d96222016bb5e7ddde930dec0673f", size = 6710772, upload-time = "2026-07-08T12:35:01.33Z" },
    { url = "https://files.pythonhosted.org/packages/88/9b/69e2d1627398b964f34437dc476a5aff5a2cc8e7f247d26272b5674b5faf/grpcio-1.82.1-cp312-cp312-manylinux2014_i686.manylinux_2_17_i686.whl", hash = "sha256:1ecfde669cb687ac020d31ff76debe5dc7a62213335f02262eb6625628da1c03", size = 7450677, upload-time = "2026-07-08T12:35:03.926Z" },
    { url = "https://files.pythonhosted.org/packages/e4/e7/8f855ca29c294956122a2a73023655b9b02602d5111dad2b9b00e7631c68/grpcio-1.82.1-cp312-cp312-manylinux2014_x86_64.manylinux_2_17_x86_64.whl", hash = "sha256:011c8badee95734dee8bf05ce3464756a0ac3ebb8d443afd20c0e2b5e4640ad9", size = 6886855, upload-time = "2026-07-08T12:35:06.174Z" },
    { url = "https://files.pythonhosted.org/packages/5f/f0/fa87e85f49925f44c479d07e58b051e69bcfef6b6d5fbc6749d140f6730a/grpcio-1.82.1-cp312-cp312-musllinux_1_2_aarch64.whl", hash = "sha256:b85f4564926fb23114d239392bdcae200db1e6179629edd7d7ab0ab89c96a197", size = 7501323, upload-time = "2026-07-08T12:35:08.49Z" },
    { url = "https://files.pythonhosted.org/packages/67/55/2e0b10ae1d3ef9dcc480b91dc2158f4931fc4675d3af0a2836e39b2a744f/grpcio-1.82.1-cp312-cp312-musllinux_1_2_i686.whl", hash = "sha256:2c0c8270833395644c3fe6b6a806397955a2bc0538000a19a78b90c05a6c16e0", size = 8536899, upload-time = "2026-07-08T12:35:10.975Z" },
    { url = "https://files.pythonhosted.org/packages/bd/95/a3d8b0431fa221efc51ee39d73595ede74ba82a43b7c4313192e580face2/grpcio-1.82.1-cp312-cp312-musllinux_1_2_x86_64.whl", hash = "sha256:2ba199205ff46c7778290fe1673c91ac8e7e45678dd5c86e9e56fa33ec8788f6", size = 7913892, upload-time = "2026-07-08T12:35:13.944Z" },
    { url = "https://files.pythonhosted.org/packages/b8/92/f2651ec704d9852a56faef394775038afba435b50ce82ab2404d119c3355/grpcio-1.82.1-cp312-cp312-win32.whl", hash = "sha256:06127691866e295c14e84a1fb86356dd962254f6abd0da4ca4b001eea9e89438", size = 4240985, upload-time = "2026-07-08T12:35:16.048Z" },
    { url = "https://files.pythonhosted.org/packages/96/4f/a5fe8bf0d0a1b24855f370293075c931f27de4eb55f0f158786095bf3c11/grpcio-1.82.1-cp312-cp312-win_amd64.whl", hash = "sha256:1fa3223a3a2e1db74f4c2b255189eb7ea875dfba56e221d252ee3fc7b204778e", size = 5001580, upload-time = "2026-07-08T12:35:18.689Z" },
]

[[package]]
name = "h5py"
version = "3.14.0"
source = { registry = "https://pypi.org/simple" }
dependencies = [
    { name = "numpy" },
]
sdist = { url = "https://files.pythonhosted.org/packages/5d/57/dfb3c5c3f1bf5f5ef2e59a22dec4ff1f3d7408b55bfcefcfb0ea69ef21c6/h5py-3.14.0.tar.gz", hash = "sha256:2372116b2e0d5d3e5e705b7f663f7c8d96fa79a4052d250484ef91d24d6a08f4", size = 424323, upload-time = "2025-06-06T14:06:15.01Z" }
wheels = [
    { url = "https://files.pythonhosted.org/packages/3e/77/8f651053c1843391e38a189ccf50df7e261ef8cd8bfd8baba0cbe694f7c3/h5py-3.14.0-cp312-cp312-macosx_10_13_x86_64.whl", hash = "sha256:e0045115d83272090b0717c555a31398c2c089b87d212ceba800d3dc5d952e23", size = 3312740, upload-time = "2025-06-06T14:05:01.193Z" },
    { url = "https://files.pythonhosted.org/packages/ff/10/20436a6cf419b31124e59fefc78d74cb061ccb22213226a583928a65d715/h5py-3.14.0-cp312-cp312-macosx_11_0_arm64.whl", hash = "sha256:6da62509b7e1d71a7d110478aa25d245dd32c8d9a1daee9d2a42dba8717b047a", size = 2829207, upload-time = "2025-06-06T14:05:05.061Z" },
    { url = "https://files.pythonhosted.org/packages/3f/19/c8bfe8543bfdd7ccfafd46d8cfd96fce53d6c33e9c7921f375530ee1d39a/h5py-3.14.0-cp312-cp312-manylinux_2_17_aarch64.manylinux2014_aarch64.whl", hash = "sha256:554ef0ced3571366d4d383427c00c966c360e178b5fb5ee5bb31a435c424db0c", size = 4708455, upload-time = "2025-06-06T14:05:11.528Z" },
    { url = "https://files.pythonhosted.org/packages/86/f9/f00de11c82c88bfc1ef22633557bfba9e271e0cb3189ad704183fc4a2644/h5py-3.14.0-cp312-cp312-manylinux_2_17_x86_64.manylinux2014_x86_64.whl", hash = "sha256:0cbd41f4e3761f150aa5b662df991868ca533872c95467216f2bec5fcad84882", size = 4929422, upload-time = "2025-06-06T14:05:18.399Z" },
    { url = "https://files.pythonhosted.org/packages/7a/6d/6426d5d456f593c94b96fa942a9b3988ce4d65ebaf57d7273e452a7222e8/h5py-3.14.0-cp312-cp312-win_amd64.whl", hash = "sha256:bf4897d67e613ecf5bdfbdab39a1158a64df105827da70ea1d90243d796d367f", size = 2862845, upload-time = "2025-06-06T14:05:23.699Z" },
]

[[package]]
name = "idna"
version = "3.18"
source = { registry = "https://pypi.org/simple" }
sdist = { url = "https://files.pythonhosted.org/packages/cd/63/9496c57188a2ee585e0f1db071d75089a11e98aa86eb99d9d7618fc1edce/idna-3.18.tar.gz", hash = "sha256:ffb385a7e039654cef1ab9ef32c6fafe283c0c0467bba1d9029738ce4a14a848", size = 196711, upload-time = "2026-06-02T14:34:07.794Z" }
wheels = [
    { url = "https://files.pythonhosted.org/packages/1e/5e/d4e9f1a599fb8e573b7b87160658329fbf28d19eac2718f51fc3def3aa5a/idna-3.18-py3-none-any.whl", hash = "sha256:7f952cbe720b688055e3f87de14f5c3e5fdaa8bc3928985c4077ca689de849a2", size = 65455, upload-time = "2026-06-02T14:34:06.319Z" },
]

[[package]]
name = "keras"
version = "3.15.0"
source = { registry = "https://pypi.org/simple" }
dependencies = [
    { name = "absl-py" },
    { name = "h5py" },
    { name = "ml-dtypes" },
    { name = "namex" },
    { name = "numpy" },
    { name = "optree" },
    { name = "packaging" },
    { name = "rich" },
]
sdist = { url = "https://files.pythonhosted.org/packages/02/0a/c2524cda024e5b24038726de899c4b0ae2603dd0324a30cbc129d6b6314e/keras-3.15.0.tar.gz", hash = "sha256:0123749ac2a704d63f691994b18e432e006cb8ae910cc0ea7035d777aed9c00d", size = 1326815, upload-time = "2026-06-24T23:17:12.332Z" }
wheels = [
    { url = "https://files.pythonhosted.org/packages/d4/16/d506c09bbff25927a65d13c542cb4eedc2d573e304f38b6ac3f49ed6be9b/keras-3.15.0-py3-none-any.whl", hash = "sha256:9bbd7df12b7b53500d00dc24d97b7e066c771260482cb7118de0b7687a7a2781", size = 1696954, upload-time = "2026-06-24T23:17:10.808Z" },
]

[[package]]
name = "libclang"
version = "18.1.1"
source = { registry = "https://pypi.org/simple" }
sdist = { url = "https://files.pythonhosted.org/packages/6e/5c/ca35e19a4f142adffa27e3d652196b7362fa612243e2b916845d801454fc/libclang-18.1.1.tar.gz", hash = "sha256:a1214966d08d73d971287fc3ead8dfaf82eb07fb197680d8b3859dbbbbf78250", size = 39612, upload-time = "2024-03-17T16:04:37.434Z" }
wheels = [
    { url = "https://files.pythonhosted.org/packages/4b/49/f5e3e7e1419872b69f6f5e82ba56e33955a74bd537d8a1f5f1eff2f3668a/libclang-18.1.1-1-py2.py3-none-macosx_11_0_arm64.whl", hash = "sha256:0b2e143f0fac830156feb56f9231ff8338c20aecfe72b4ffe96f19e5a1dbb69a", size = 25836045, upload-time = "2024-06-30T17:40:31.646Z" },
    { url = "https://files.pythonhosted.org/packages/e2/e5/fc61bbded91a8830ccce94c5294ecd6e88e496cc85f6704bf350c0634b70/libclang-18.1.1-py2.py3-none-macosx_10_9_x86_64.whl", hash = "sha256:6f14c3f194704e5d09769108f03185fce7acaf1d1ae4bbb2f30a72c2400cb7c5", size = 26502641, upload-time = "2024-03-18T15:52:26.722Z" },
    { url = "https://files.pythonhosted.org/packages/db/ed/1df62b44db2583375f6a8a5e2ca5432bbdc3edb477942b9b7c848c720055/libclang-18.1.1-py2.py3-none-macosx_11_0_arm64.whl", hash = "sha256:83ce5045d101b669ac38e6da8e58765f12da2d3aafb3b9b98d88b286a60964d8", size = 26420207, upload-time = "2024-03-17T15:00:26.63Z" },
    { url = "https://files.pythonhosted.org/packages/1d/fc/716c1e62e512ef1c160e7984a73a5fc7df45166f2ff3f254e71c58076f7c/libclang-18.1.1-py2.py3-none-manylinux2010_x86_64.whl", hash = "sha256:c533091d8a3bbf7460a00cb6c1a71da93bffe148f172c7d03b1c31fbf8aa2a0b", size = 24515943, upload-time = "2024-03-17T16:03:45.942Z" },
    { url = "https://files.pythonhosted.org/packages/3c/3d/f0ac1150280d8d20d059608cf2d5ff61b7c3b7f7bcf9c0f425ab92df769a/libclang-18.1.1-py2.py3-none-manylinux2014_aarch64.whl", hash = "sha256:54dda940a4a0491a9d1532bf071ea3ef26e6dbaf03b5000ed94dd7174e8f9592", size = 23784972, upload-time = "2024-03-17T16:12:47.677Z" },
    { url = "https://files.pythonhosted.org/packages/fe/2f/d920822c2b1ce9326a4c78c0c2b4aa3fde610c7ee9f631b600acb5376c26/libclang-18.1.1-py2.py3-none-manylinux2014_armv7l.whl", hash = "sha256:cf4a99b05376513717ab5d82a0db832c56ccea4fd61a69dbb7bccf2dfb207dbe", size = 20259606, upload-time = "2024-03-17T16:17:42.437Z" },
    { url = "https://files.pythonhosted.org/packages/2d/c2/de1db8c6d413597076a4259cea409b83459b2db997c003578affdd32bf66/libclang-18.1.1-py2.py3-none-musllinux_1_2_x86_64.whl", hash = "sha256:69f8eb8f65c279e765ffd28aaa7e9e364c776c17618af8bff22a8df58677ff4f", size = 24921494, upload-time = "2024-03-17T16:14:20.132Z" },
    { url = "https://files.pythonhosted.org/packages/0b/2d/3f480b1e1d31eb3d6de5e3ef641954e5c67430d5ac93b7fa7e07589576c7/libclang-18.1.1-py2.py3-none-win_amd64.whl", hash = "sha256:4dd2d3b82fab35e2bf9ca717d7b63ac990a3519c7e312f19fa8e86dcc712f7fb", size = 26415083, upload-time = "2024-03-17T16:42:21.703Z" },
    { url = "https://files.pythonhosted.org/packages/71/cf/e01dc4cc79779cd82d77888a88ae2fa424d93b445ad4f6c02bfc18335b70/libclang-18.1.1-py2.py3-none-win_arm64.whl", hash = "sha256:3f0e1f49f04d3cd198985fea0511576b0aee16f9ff0e0f0cad7f9c57ec3c20e8", size = 22361112, upload-time = "2024-03-17T16:42:59.565Z" },
]

[[package]]
name = "markdown-it-py"
version = "4.2.0"
source = { registry = "https://pypi.org/simple" }
dependencies = [
    { name = "mdurl" },
]
sdist = { url = "https://files.pythonhosted.org/packages/06/ff/7841249c247aa650a76b9ee4bbaeae59370dc8bfd2f6c01f3630c35eb134/markdown_it_py-4.2.0.tar.gz", hash = "sha256:04a21681d6fbb623de53f6f364d352309d4094dd4194040a10fd51833e418d49", size = 82454, upload-time = "2026-05-07T12:08:28.36Z" }
wheels = [
    { url = "https://files.pythonhosted.org/packages/b3/81/4da04ced5a082363ecfa159c010d200ecbd959ae410c10c0264a38cac0f5/markdown_it_py-4.2.0-py3-none-any.whl", hash = "sha256:9f7ebbcd14fe59494226453aed97c1070d83f8d24b6fc3a3bcf9a38092641c4a", size = 91687, upload-time = "2026-05-07T12:08:27.182Z" },
]

[[package]]
name = "mdurl"
version = "0.1.2"
source = { registry = "https://pypi.org/simple" }
sdist = { url = "https://files.pythonhosted.org/packages/d6/54/cfe61301667036ec958cb99bd3efefba235e65cdeb9c84d24a8293ba1d90/mdurl-0.1.2.tar.gz", hash = "sha256:bb413d29f5eea38f31dd4754dd7377d4465116fb207585f97bf925588687c1ba", size = 8729, upload-time = "2022-08-14T12:40:10.846Z" }
wheels = [
    { url = "https://files.pythonhosted.org/packages/b3/38/89ba8ad64ae25be8de66a6d463314cf1eb366222074cfda9ee839c56a4b4/mdurl-0.1.2-py3-none-any.whl", hash = "sha256:84008a41e51615a49fc9966191ff91509e3c40b939176e643fd50a5c2196b8f8", size = 9979, upload-time = "2022-08-14T12:40:09.779Z" },
]

[[package]]
name = "ml-dtypes"
version = "0.5.4"
source = { registry = "https://pypi.org/simple" }
dependencies = [
    { name = "numpy" },
]
sdist = { url = "https://files.pythonhosted.org/packages/0e/4a/c27b42ed9b1c7d13d9ba8b6905dece787d6259152f2309338aed29b2447b/ml_dtypes-0.5.4.tar.gz", hash = "sha256:8ab06a50fb9bf9666dd0fe5dfb4676fa2b0ac0f31ecff72a6c3af8e22c063453", size = 692314, upload-time = "2025-11-17T22:32:31.031Z" }
wheels = [
    { url = "https://files.pythonhosted.org/packages/a8/b8/3c70881695e056f8a32f8b941126cf78775d9a4d7feba8abcb52cb7b04f2/ml_dtypes-0.5.4-cp312-cp312-macosx_10_13_universal2.whl", hash = "sha256:a174837a64f5b16cab6f368171a1a03a27936b31699d167684073ff1c4237dac", size = 676927, upload-time = "2025-11-17T22:31:48.182Z" },
    { url = "https://files.pythonhosted.org/packages/54/0f/428ef6881782e5ebb7eca459689448c0394fa0a80bea3aa9262cba5445ea/ml_dtypes-0.5.4-cp312-cp312-manylinux_2_27_aarch64.manylinux_2_28_aarch64.whl", hash = "sha256:a7f7c643e8b1320fd958bf098aa7ecf70623a42ec5154e3be3be673f4c34d900", size = 5028464, upload-time = "2025-11-17T22:31:50.135Z" },
    { url = "https://files.pythonhosted.org/packages/3a/cb/28ce52eb94390dda42599c98ea0204d74799e4d8047a0eb559b6fd648056/ml_dtypes-0.5.4-cp312-cp312-manylinux_2_27_x86_64.manylinux_2_28_x86_64.whl", hash = "sha256:9ad459e99793fa6e13bd5b7e6792c8f9190b4e5a1b45c63aba14a4d0a7f1d5ff", size = 5009002, upload-time = "2025-11-17T22:31:52.001Z" },
    { url = "https://files.pythonhosted.org/packages/f5/f0/0cfadd537c5470378b1b32bd859cf2824972174b51b873c9d95cfd7475a5/ml_dtypes-0.5.4-cp312-cp312-win_amd64.whl", hash = "sha256:c1a953995cccb9e25a4ae19e34316671e4e2edaebe4cf538229b1fc7109087b7", size = 212222, upload-time = "2025-11-17T22:31:53.742Z" },
    { url = "https://files.pythonhosted.org/packages/16/2e/9acc86985bfad8f2c2d30291b27cd2bb4c74cea08695bd540906ed744249/ml_dtypes-0.5.4-cp312-cp312-win_arm64.whl", hash = "sha256:9bad06436568442575beb2d03389aa7456c690a5b05892c471215bfd8cf39460", size = 160793, upload-time = "2025-11-17T22:31:55.358Z" },
]

[[package]]
name = "namex"
version = "0.1.0"
source = { registry = "https://pypi.org/simple" }
sdist = { url = "https://files.pythonhosted.org/packages/0c/c0/ee95b28f029c73f8d49d8f52edaed02a1d4a9acb8b69355737fdb1faa191/namex-0.1.0.tar.gz", hash = "sha256:117f03ccd302cc48e3f5c58a296838f6b89c83455ab8683a1e85f2a430aa4306", size = 6649, upload-time = "2025-05-26T23:17:38.918Z" }
wheels = [
    { url = "https://files.pythonhosted.org/packages/b2/bc/465daf1de06409cdd4532082806770ee0d8d7df434da79c76564d0f69741/namex-0.1.0-py3-none-any.whl", hash = "sha256:e2012a474502f1e2251267062aae3114611f07df4224b6e06334c57b0f2ce87c", size = 5905, upload-time = "2025-05-26T23:17:37.695Z" },
]

[[package]]
name = "numpy"
version = "2.3.5"
source = { registry = "https://pypi.org/simple" }
sdist = { url = "https://files.pythonhosted.org/packages/76/65/21b3bc86aac7b8f2862db1e808f1ea22b028e30a225a34a5ede9bf8678f2/numpy-2.3.5.tar.gz", hash = "sha256:784db1dcdab56bf0517743e746dfb0f885fc68d948aba86eeec2cba234bdf1c0", size = 20584950, upload-time = "2025-11-16T22:52:42.067Z" }
wheels = [
    { url = "https://files.pythonhosted.org/packages/44/37/e669fe6cbb2b96c62f6bbedc6a81c0f3b7362f6a59230b23caa673a85721/numpy-2.3.5-cp312-cp312-macosx_10_13_x86_64.whl", hash = "sha256:74ae7b798248fe62021dbf3c914245ad45d1a6b0cb4a29ecb4b31d0bfbc4cc3e", size = 16733873, upload-time = "2025-11-16T22:49:49.84Z" },
    { url = "https://files.pythonhosted.org/packages/c5/65/df0db6c097892c9380851ab9e44b52d4f7ba576b833996e0080181c0c439/numpy-2.3.5-cp312-cp312-macosx_11_0_arm64.whl", hash = "sha256:ee3888d9ff7c14604052b2ca5535a30216aa0a58e948cdd3eeb8d3415f638769", size = 12259838, upload-time = "2025-11-16T22:49:52.863Z" },
    { url = "https://files.pythonhosted.org/packages/5b/e1/1ee06e70eb2136797abe847d386e7c0e830b67ad1d43f364dd04fa50d338/numpy-2.3.5-cp312-cp312-macosx_14_0_arm64.whl", hash = "sha256:612a95a17655e213502f60cfb9bf9408efdc9eb1d5f50535cc6eb365d11b42b5", size = 5088378, upload-time = "2025-11-16T22:49:55.055Z" },
    { url = "https://files.pythonhosted.org/packages/6d/9c/1ca85fb86708724275103b81ec4cf1ac1d08f465368acfc8da7ab545bdae/numpy-2.3.5-cp312-cp312-macosx_14_0_x86_64.whl", hash = "sha256:3101e5177d114a593d79dd79658650fe28b5a0d8abeb8ce6f437c0e6df5be1a4", size = 6628559, upload-time = "2025-11-16T22:49:57.371Z" },
    { url = "https://files.pythonhosted.org/packages/74/78/fcd41e5a0ce4f3f7b003da85825acddae6d7ecb60cf25194741b036ca7d6/numpy-2.3.5-cp312-cp312-manylinux_2_27_aarch64.manylinux_2_28_aarch64.whl", hash = "sha256:8b973c57ff8e184109db042c842423ff4f60446239bd585a5131cc47f06f789d", size = 14250702, upload-time = "2025-11-16T22:49:59.632Z" },
    { url = "https://files.pythonhosted.org/packages/b6/23/2a1b231b8ff672b4c450dac27164a8b2ca7d9b7144f9c02d2396518352eb/numpy-2.3.5-cp312-cp312-manylinux_2_27_x86_64.manylinux_2_28_x86_64.whl", hash = "sha256:0d8163f43acde9a73c2a33605353a4f1bc4798745a8b1d73183b28e5b435ae28", size = 16606086, upload-time = "2025-11-16T22:50:02.127Z" },
    { url = "https://files.pythonhosted.org/packages/a0/c5/5ad26fbfbe2012e190cc7d5003e4d874b88bb18861d0829edc140a713021/numpy-2.3.5-cp312-cp312-musllinux_1_2_aarch64.whl", hash = "sha256:51c1e14eb1e154ebd80e860722f9e6ed6ec89714ad2db2d3aa33c31d7c12179b", size = 16025985, upload-time = "2025-11-16T22:50:04.536Z" },
    { url = "https://files.pythonhosted.org/packages/d2/fa/dd48e225c46c819288148d9d060b047fd2a6fb1eb37eae25112ee4cb4453/numpy-2.3.5-cp312-cp312-musllinux_1_2_x86_64.whl", hash = "sha256:b46b4ec24f7293f23adcd2d146960559aaf8020213de8ad1909dba6c013bf89c", size = 18542976, upload-time = "2025-11-16T22:50:07.557Z" },
    { url = "https://files.pythonhosted.org/packages/05/79/ccbd23a75862d95af03d28b5c6901a1b7da4803181513d52f3b86ed9446e/numpy-2.3.5-cp312-cp312-win32.whl", hash = "sha256:3997b5b3c9a771e157f9aae01dd579ee35ad7109be18db0e85dbdbe1de06e952", size = 6285274, upload-time = "2025-11-16T22:50:10.746Z" },
    { url = "https://files.pythonhosted.org/packages/2d/57/8aeaf160312f7f489dea47ab61e430b5cb051f59a98ae68b7133ce8fa06a/numpy-2.3.5-cp312-cp312-win_amd64.whl", hash = "sha256:86945f2ee6d10cdfd67bcb4069c1662dd711f7e2a4343db5cecec06b87cf31aa", size = 12782922, upload-time = "2025-11-16T22:50:12.811Z" },
    { url = "https://files.pythonhosted.org/packages/78/a6/aae5cc2ca78c45e64b9ef22f089141d661516856cf7c8a54ba434576900d/numpy-2.3.5-cp312-cp312-win_arm64.whl", hash = "sha256:f28620fe26bee16243be2b7b874da327312240a7cdc38b769a697578d2100013", size = 10194667, upload-time = "2025-11-16T22:50:16.16Z" },
]

[[package]]
name = "opt-einsum"
version = "3.4.0"
source = { registry = "https://pypi.org/simple" }
sdist = { url = "https://files.pythonhosted.org/packages/8c/b9/2ac072041e899a52f20cf9510850ff58295003aa75525e58343591b0cbfb/opt_einsum-3.4.0.tar.gz", hash = "sha256:96ca72f1b886d148241348783498194c577fa30a8faac108586b14f1ba4473ac", size = 63004, upload-time = "2024-09-26T14:33:24.483Z" }
wheels = [
    { url = "https://files.pythonhosted.org/packages/23/cd/066e86230ae37ed0be70aae89aabf03ca8d9f39c8aea0dec8029455b5540/opt_einsum-3.4.0-py3-none-any.whl", hash = "sha256:69bb92469f86a1565195ece4ac0323943e83477171b91d24c35afe028a90d7cd", size = 71932, upload-time = "2024-09-26T14:33:23.039Z" },
]

[[package]]
name = "optree"
version = "0.19.1"
source = { registry = "https://pypi.org/simple" }
dependencies = [
    { name = "typing-extensions" },
]
sdist = { url = "https://files.pythonhosted.org/packages/44/63/92328a17ab7836562fe0129e605f685a88db35ce98427c34ff48ee4ec157/optree-0.19.1.tar.gz", hash = "sha256:4497d1c9197b8c6842e511368163d318ce536521ebdcff8bebb7551dcdfac532", size = 177531, upload-time = "2026-05-06T02:32:39.704Z" }
wheels = [
    { url = "https://files.pythonhosted.org/packages/ba/a7/cb5567029a608a296b0ca224025d03bba0365b41df19085b9b580191f6f2/optree-0.19.1-cp312-cp312-macosx_10_13_x86_64.whl", hash = "sha256:96e5c7c3b9144f08ae40c3d9848cfbcfa36b6bead0f8215ad071d5922ee6c4a5", size = 424023, upload-time = "2026-05-06T02:30:57.732Z" },
    { url = "https://files.pythonhosted.org/packages/b9/a1/3651fb32fa8617108204aa4056d283af742020e0987d106f41402005d800/optree-0.19.1-cp312-cp312-macosx_11_0_arm64.whl", hash = "sha256:5d9d198343e1e6ced18bef0cbff84091c1877964fc4a121df33f18840e073a01", size = 394782, upload-time = "2026-05-06T02:30:59.239Z" },
    { url = "https://files.pythonhosted.org/packages/c2/1e/676470909aa64d7aba7c5edf83b171dc83b7af901d9ebb8e6d7512fe913a/optree-0.19.1-cp312-cp312-manylinux_2_26_aarch64.manylinux_2_28_aarch64.whl", hash = "sha256:7a1202371d9fe3aa75f3e886b1f871aac4991a655aadb65e54f58a3ae9388ab2", size = 413157, upload-time = "2026-05-06T02:31:00.339Z" },
    { url = "https://files.pythonhosted.org/packages/f4/41/1a4c58f2af5742b9d9e21ea9e45c6c3c49463b5e2a0537e84ead1e9597ca/optree-0.19.1-cp312-cp312-manylinux_2_26_i686.manylinux_2_28_i686.whl", hash = "sha256:d41ccc4c20bfeae01d1d221c057a6d026e84e32229664952eddcdbe4b9b71417", size = 476923, upload-time = "2026-05-06T02:31:01.492Z" },
    { url = "https://files.pythonhosted.org/packages/10/c1/f62167bd9d6f6c948b191a0943923404678d47100f777f4a8fb37816e6f8/optree-0.19.1-cp312-cp312-manylinux_2_26_ppc64le.manylinux_2_28_ppc64le.whl", hash = "sha256:7d934f240b109c6891dd06b2e30400b123b8a4b6ed31dcd0db2ae2378d30a6e8", size = 475385, upload-time = "2026-05-06T02:31:02.836Z" },
    { url = "https://files.pythonhosted.org/packages/30/5e/5323c5fa3024fdd900bdd8f14621139ed844c2247bf1a26e7cf5c1116188/optree-0.19.1-cp312-cp312-manylinux_2_26_s390x.manylinux_2_28_s390x.whl", hash = "sha256:ddeefb7ca799c09647e332ebc1a5f6c09888a5a0e51f2dff4ca55e65b42a8c14", size = 474406, upload-time = "2026-05-06T02:31:04.023Z" },
    { url = "https://files.pythonhosted.org/packages/e2/6a/54e4c47e61a51504a5224c933722e0c8a69925aacec4c08175e9675aeb81/optree-0.19.1-cp312-cp312-manylinux_2_27_x86_64.manylinux_2_28_x86_64.whl", hash = "sha256:f0ce49f64f804f7f35f2f9c2a21e3ba94c090199fccdcfd40e3ded4426c5c175", size = 457596, upload-time = "2026-05-06T02:31:05.695Z" },
    { url = "https://files.pythonhosted.org/packages/a7/12/bba07c0b769586c6bd54e81f1f734cad103dbe30abbadee940fe7d3e330e/optree-0.19.1-cp312-cp312-manylinux_2_39_riscv64.whl", hash = "sha256:e0f02600832ab8d0f6c934dcb5c339e17a36938d477641a45798e02625ebe107", size = 417900, upload-time = "2026-05-06T02:31:07.251Z" },
    { url = "https://files.pythonhosted.org/packages/9f/8f/6ae994bb47f9394b33912a14593f9247737dd6c3303811550e5a3e918107/optree-0.19.1-cp312-cp312-win32.whl", hash = "sha256:f10d58c1a17e1b32f9d9b5e1b9d1ad964d99c1113d9df0b9f62f2fe7dde19909", size = 317302, upload-time = "2026-05-06T02:31:08.627Z" },
    { url = "https://files.pythonhosted.org/packages/31/97/d7e3ec79dcdde81f785a0446acf75fea77723f5ca4b98556350d7877986f/optree-0.19.1-cp312-cp312-win_amd64.whl", hash = "sha256:06f5c8a4cf356a1a276ce5cec1be44719ed260690f79c036d04b4d427e801258", size = 341362, upload-time = "2026-05-06T02:31:09.689Z" },
    { url = "https://files.pythonhosted.org/packages/33/97/813afb84a81fd8ae65444730907c05f0775fd6c79d3359c9e84bd3370445/optree-0.19.1-cp312-cp312-win_arm64.whl", hash = "sha256:a33bd23fc5c67ecb9ff491b75fde10cd9b53f47f8a876de842090e8c7a2437e1", size = 351838, upload-time = "2026-05-06T02:31:11.086Z" },
]

[[package]]
name = "packaging"
version = "26.2"
source = { registry = "https://pypi.org/simple" }
sdist = { url = "https://files.pythonhosted.org/packages/d7/f1/e7a6dd94a8d4a5626c03e4e99c87f241ba9e350cd9e6d75123f992427270/packaging-26.2.tar.gz", hash = "sha256:ff452ff5a3e828ce110190feff1178bb1f2ea2281fa2075aadb987c2fb221661", size = 228134, upload-time = "2026-04-24T20:15:23.917Z" }
wheels = [
    { url = "https://files.pythonhosted.org/packages/df/b2/87e62e8c3e2f4b32e5fe99e0b86d576da1312593b39f47d8ceef365e95ed/packaging-26.2-py3-none-any.whl", hash = "sha256:5fc45236b9446107ff2415ce77c807cee2862cb6fac22b8a73826d0693b0980e", size = 100195, upload-time = "2026-04-24T20:15:22.081Z" },
]

[[package]]
name = "protobuf"
version = "7.35.1"
source = { registry = "https://pypi.org/simple" }
sdist = { url = "https://files.pythonhosted.org/packages/da/01/9ef0afd7999eb9badb3a768b4aedd78c86d4c65cfaf1958ab276199e76b4/protobuf-7.35.1.tar.gz", hash = "sha256:ce115a26fe0c39a2c29973d914d327e516a6455464489fe3cd1e51a1b354f81a", size = 458717, upload-time = "2026-06-11T21:55:40.257Z" }
wheels = [
    { url = "https://files.pythonhosted.org/packages/10/03/8aeeb7458d22546bf64b5250ca1daeb5ff757d900e8e4a7476c6f0db843e/protobuf-7.35.1-cp310-abi3-macosx_10_9_universal2.whl", hash = "sha256:24f857477359a85c0c235261b8ba905fd51b2562f4a64ca1df5473f29850cbf6", size = 433226, upload-time = "2026-06-11T21:55:31.719Z" },
    { url = "https://files.pythonhosted.org/packages/37/4b/dfb89eb0e652a1ff073c39a59fb5e3a83cfe9b57a2c83fa6d78270101767/protobuf-7.35.1-cp310-abi3-manylinux2014_aarch64.whl", hash = "sha256:11d6b0ec246892d85215b0a13ca6e0233cf5284b68f0ac02646427f4ff88a799", size = 328847, upload-time = "2026-06-11T21:55:34.035Z" },
    { url = "https://files.pythonhosted.org/packages/0f/58/dc12f2cd484951524af6e3382c785869b9b3fb5e52ee95ae23add53ee8f9/protobuf-7.35.1-cp310-abi3-manylinux2014_s390x.whl", hash = "sha256:b73f9489a4b8b1c9cb1f8ed951c736392592edb24b9d6819f36d2e10b171d5b4", size = 344030, upload-time = "2026-06-11T21:55:34.941Z" },
    { url = "https://files.pythonhosted.org/packages/e4/be/5b3cfe508bfab6761414ff944e3366eb13be4fd71efcd69450f89ba39f43/protobuf-7.35.1-cp310-abi3-manylinux2014_x86_64.whl", hash = "sha256:74758715c53d7158fb76caf4f0cfdacc5329a4b1bb994f865d6cf302d413a1c4", size = 327130, upload-time = "2026-06-11T21:55:35.921Z" },
    { url = "https://files.pythonhosted.org/packages/d8/bc/6d6c7ba8709c85f8f2c390b2b118d6fb08a783676a572271851bf45a7d22/protobuf-7.35.1-cp310-abi3-win32.whl", hash = "sha256:353652e4efd0bca5b5fc2656abf8307ef351f0cf938c9eba09f0e09c20a25c30", size = 428945, upload-time = "2026-06-11T21:55:37.034Z" },
    { url = "https://files.pythonhosted.org/packages/0a/19/8d0cb6f20a1ef7b18f1c8986ad5783f22f84cce39c6ce9a6e645ea55192e/protobuf-7.35.1-cp310-abi3-win_amd64.whl", hash = "sha256:230a75ddfc2de4806e56696ce9640c1cdfdb6543b7cfce98d42a4c0a0e7bdb87", size = 439996, upload-time = "2026-06-11T21:55:38.123Z" },
    { url = "https://files.pythonhosted.org/packages/19/c7/5f7c636ec43e0c545e28d1f1db71990108306f7bdcb89f069ba97e428e7f/protobuf-7.35.1-py3-none-any.whl", hash = "sha256:4bc97768d8fe4ad6743c8a19403e314511ed9f6d13205b687e52421c023ac1b9", size = 171659, upload-time = "2026-06-11T21:55:39.155Z" },
]

[[package]]
name = "pygments"
version = "2.20.0"
source = { registry = "https://pypi.org/simple" }
sdist = { url = "https://files.pythonhosted.org/packages/c3/b2/bc9c9196916376152d655522fdcebac55e66de6603a76a02bca1b6414f6c/pygments-2.20.0.tar.gz", hash = "sha256:6757cd03768053ff99f3039c1a36d6c0aa0b263438fcab17520b30a303a82b5f", size = 4955991, upload-time = "2026-03-29T13:29:33.898Z" }
wheels = [
    { url = "https://files.pythonhosted.org/packages/f4/7e/a72dd26f3b0f4f2bf1dd8923c85f7ceb43172af56d63c7383eb62b332364/pygments-2.20.0-py3-none-any.whl", hash = "sha256:81a9e26dd42fd28a23a2d169d86d7ac03b46e2f8b59ed4698fb4785f946d0176", size = 1231151, upload-time = "2026-03-29T13:29:30.038Z" },
]

[[package]]
name = "requests"
version = "2.34.2"
source = { registry = "https://pypi.org/simple" }
dependencies = [
    { name = "certifi" },
    { name = "charset-normalizer" },
    { name = "idna" },
    { name = "urllib3" },
]
sdist = { url = "https://files.pythonhosted.org/packages/ac/c3/e2a2b89f2d3e2179abd6d00ebd70bff6273f37fb3e0cc209f48b39d00cbf/requests-2.34.2.tar.gz", hash = "sha256:f288924cae4e29463698d6d60bc6a4da69c89185ad1e0bcc4104f584e960b9ed", size = 142856, upload-time = "2026-05-14T19:25:27.735Z" }
wheels = [
    { url = "https://files.pythonhosted.org/packages/a0/f4/c67b0b3f1b9245e8d266f0f112c500d50e5b4e83cb6f3b71b6528104182a/requests-2.34.2-py3-none-any.whl", hash = "sha256:2a0d60c172f83ac6ab31e4554906c0f3b3588d37b5cb939b1c061f4907e278e0", size = 73075, upload-time = "2026-05-14T19:25:26.443Z" },
]

[[package]]
name = "rich"
version = "15.0.0"
source = { registry = "https://pypi.org/simple" }
dependencies = [
    { name = "markdown-it-py" },
    { name = "pygments" },
]
sdist = { url = "https://files.pythonhosted.org/packages/c0/8f/0722ca900cc807c13a6a0c696dacf35430f72e0ec571c4275d2371fca3e9/rich-15.0.0.tar.gz", hash = "sha256:edd07a4824c6b40189fb7ac9bc4c52536e9780fbbfbddf6f1e2502c31b068c36", size = 230680, upload-time = "2026-04-12T08:24:00.75Z" }
wheels = [
    { url = "https://files.pythonhosted.org/packages/82/3b/64d4899d73f91ba49a8c18a8ff3f0ea8f1c1d75481760df8c68ef5235bf5/rich-15.0.0-py3-none-any.whl", hash = "sha256:33bd4ef74232fb73fe9279a257718407f169c09b78a87ad3d296f548e27de0bb", size = 310654, upload-time = "2026-04-12T08:24:02.83Z" },
]

[[package]]
name = "setuptools"
version = "83.0.0"
source = { registry = "https://pypi.org/simple" }
sdist = { url = "https://files.pythonhosted.org/packages/34/26/f5d29e25ffdb535afef2d35cdb55b325298f96debd670da4c325e08d70f4/setuptools-83.0.0.tar.gz", hash = "sha256:025bccbbf0fa05b6192bc64ae1e7b16e001fd6d6d4d5de03c97b1c1ade523bef", size = 1154254, upload-time = "2026-07-04T15:31:22.699Z" }
wheels = [
    { url = "https://files.pythonhosted.org/packages/5d/40/e1e72872c6354b306daef1703549e8e83b4d43cfea356311bf722a043752/setuptools-83.0.0-py3-none-any.whl", hash = "sha256:29b23c360f22f414dc7336bb39178cc7bcbf6021ed2733cde173f09dba19abb3", size = 1008090, upload-time = "2026-07-04T15:31:20.885Z" },
]

[[package]]
name = "six"
version = "1.17.0"
source = { registry = "https://pypi.org/simple" }
sdist = { url = "https://files.pythonhosted.org/packages/94/e7/b2c673351809dca68a0e064b6af791aa332cf192da575fd474ed7d6f16a2/six-1.17.0.tar.gz", hash = "sha256:ff70335d468e7eb6ec65b95b99d3a2836546063f63acc5171de367e834932a81", size = 34031, upload-time = "2024-12-04T17:35:28.174Z" }
wheels = [
    { url = "https://files.pythonhosted.org/packages/b7/ce/149a00dd41f10bc29e5921b496af8b574d8413afcd5e30dfa0ed46c2cc5e/six-1.17.0-py2.py3-none-any.whl", hash = "sha256:4721f391ed90541fddacab5acf947aa0d3dc7d27b2e1e8eda2be8970586c3274", size = 11050, upload-time = "2024-12-04T17:35:26.475Z" },
]

[[package]]
name = "tensorflow"
version = "2.21.0"
source = { registry = "https://pypi.org/simple" }
dependencies = [
    { name = "absl-py" },
    { name = "astunparse" },
    { name = "flatbuffers" },
    { name = "gast" },
    { name = "google-pasta" },
    { name = "grpcio" },
    { name = "h5py" },
    { name = "keras" },
    { name = "libclang" },
    { name = "ml-dtypes" },
    { name = "numpy" },
    { name = "opt-einsum" },
    { name = "packaging" },
    { name = "protobuf" },
    { name = "requests" },
    { name = "setuptools" },
    { name = "six" },
    { name = "termcolor" },
    { name = "typing-extensions" },
    { name = "wrapt" },
]
wheels = [
    { url = "https://files.pythonhosted.org/packages/39/59/27adba20bbd1088b00fc0e9232aa21493b4800af2299eb6005017a6053f4/tensorflow-2.21.0-cp312-cp312-macosx_12_0_arm64.whl", hash = "sha256:56ecd7d47429acbe1df2694d50b75bf9fc3995ac92cb367cd9af6c4780ead712", size = 223488205, upload-time = "2026-03-06T17:24:03.48Z" },
    { url = "https://files.pythonhosted.org/packages/20/a5/f139fbbd4e81a2e556170718698acf518a71a84927fa1dc1f5935b6ab3d2/tensorflow-2.21.0-cp312-cp312-manylinux_2_27_aarch64.whl", hash = "sha256:b07d15737406533898e36c7ef7944b1be18e9028dc521b9229952c537bbc5552", size = 281946471, upload-time = "2026-03-06T17:24:11.896Z" },
    { url = "https://files.pythonhosted.org/packages/ce/d7/6e71b4ded8ce99cd21add95611ca14af6e9ad4f2baeabdeb79a4a6b3cb1f/tensorflow-2.21.0-cp312-cp312-manylinux_2_27_x86_64.whl", hash = "sha256:b3b95643c4e70eb925839938fb35cbe142f317ec84af6844ee61513713bb13c0", size = 572611111, upload-time = "2026-03-06T17:24:26.209Z" },
    { url = "https://files.pythonhosted.org/packages/7d/0d/4ee4bc074597b41c9c00dc97b4418ef1eb8736fe9186ffdb3961efdfb730/tensorflow-2.21.0-cp312-cp312-win_amd64.whl", hash = "sha256:27ba0682572b1e50a0db1ee74cfb787eafcfdb1b751bbbf401fed62fe32a92e0", size = 350945509, upload-time = "2026-03-06T17:24:41.65Z" },
]

[[package]]
name = "termcolor"
version = "3.3.0"
source = { registry = "https://pypi.org/simple" }
sdist = { url = "https://files.pythonhosted.org/packages/46/79/cf31d7a93a8fdc6aa0fbb665be84426a8c5a557d9240b6239e9e11e35fc5/termcolor-3.3.0.tar.gz", hash = "sha256:348871ca648ec6a9a983a13ab626c0acce02f515b9e1983332b17af7979521c5", size = 14434, upload-time = "2025-12-29T12:55:21.882Z" }
wheels = [
    { url = "https://files.pythonhosted.org/packages/33/d1/8bb87d21e9aeb323cc03034f5eaf2c8f69841e40e4853c2627edf8111ed3/termcolor-3.3.0-py3-none-any.whl", hash = "sha256:cf642efadaf0a8ebbbf4bc7a31cec2f9b5f21a9f726f4ccbb08192c9c26f43a5", size = 7734, upload-time = "2025-12-29T12:55:20.718Z" },
]

[[package]]
name = "typing-extensions"
version = "4.16.0"
source = { registry = "https://pypi.org/simple" }
sdist = { url = "https://files.pythonhosted.org/packages/f6/cc/6253133b5bb138fc3306cebfbda2c520f545d36b5be2c7255cc528bb45d6/typing_extensions-4.16.0.tar.gz", hash = "sha256:dc983d19a509c94dba722ee6abd33940f7c05a89e243c47e907eb4db6f1a43e5", size = 113555, upload-time = "2026-07-02T08:40:05.92Z" }
wheels = [
    { url = "https://files.pythonhosted.org/packages/49/d3/b8441a820a491ddfc024b0b0cf0393375b75ea13866d9c66727e54c2fc80/typing_extensions-4.16.0-py3-none-any.whl", hash = "sha256:481caa481374e813c1b176ada14e97f1f67a4539ce9cfeb3f350d78d6370c2e8", size = 45571, upload-time = "2026-07-02T08:40:04.659Z" },
]

[[package]]
name = "urllib3"
version = "2.7.0"
source = { registry = "https://pypi.org/simple" }
sdist = { url = "https://files.pythonhosted.org/packages/53/0c/06f8b233b8fd13b9e5ee11424ef85419ba0d8ba0b3138bf360be2ff56953/urllib3-2.7.0.tar.gz", hash = "sha256:231e0ec3b63ceb14667c67be60f2f2c40a518cb38b03af60abc813da26505f4c", size = 433602, upload-time = "2026-05-07T16:13:18.596Z" }
wheels = [
    { url = "https://files.pythonhosted.org/packages/7f/3e/5db95bcf282c52709639744ca2a8b149baccf648e39c8cc87553df9eae0c/urllib3-2.7.0-py3-none-any.whl", hash = "sha256:9fb4c81ebbb1ce9531cce37674bbc6f1360472bc18ca9a553ede278ef7276897", size = 131087, upload-time = "2026-05-07T16:13:17.151Z" },
]

[[package]]
name = "wheel"
version = "0.47.0"
source = { registry = "https://pypi.org/simple" }
dependencies = [
    { name = "packaging" },
]
sdist = { url = "https://files.pythonhosted.org/packages/39/62/75f18a0f03b4219c456652c7780e4d749b929eb605c098ce3a5b6b6bc081/wheel-0.47.0.tar.gz", hash = "sha256:cc72bd1009ba0cf63922e28f94d9d83b920aa2bb28f798a31d0691b02fa3c9b3", size = 63854, upload-time = "2026-04-22T15:51:27.727Z" }
wheels = [
    { url = "https://files.pythonhosted.org/packages/87/1b/9e33c09813d65e248f7f773119148a612516a4bea93e9c6f545f78455b7c/wheel-0.47.0-py3-none-any.whl", hash = "sha256:212281cab4dff978f6cedd499cd893e1f620791ca6ff7107cf270781e587eced", size = 32218, upload-time = "2026-04-22T15:51:26.296Z" },
]

[[package]]
name = "wrapt"
version = "2.2.2"
source = { registry = "https://pypi.org/simple" }
sdist = { url = "https://files.pythonhosted.org/packages/fe/a4/282c8e64300a59fc834518a54bf0afabb4ff9218b5fa76958b450459a844/wrapt-2.2.2.tar.gz", hash = "sha256:0788e321027c999bf221b667bd4a54aaefd1a36283749a860ac3eb77daed0302", size = 129068, upload-time = "2026-06-20T23:49:44.49Z" }
wheels = [
    { url = "https://files.pythonhosted.org/packages/2a/85/180b40628b23772692a0c76e8030114e1c0ae068470ed531919f0a5f2a4a/wrapt-2.2.2-cp312-cp312-macosx_10_13_x86_64.whl", hash = "sha256:8417fd3c674d3c8023d080292d29301531a12daf8bd938dd419710dd2f464f2b", size = 81484, upload-time = "2026-06-20T23:47:59.924Z" },
    { url = "https://files.pythonhosted.org/packages/94/f2/21c90f2a16689702e2aaff45795b11018dff2c9b1242bac10d225483f676/wrapt-2.2.2-cp312-cp312-macosx_11_0_arm64.whl", hash = "sha256:0e7070c7472582e31af3dfc2622b2381a0df7435110a9388ed8db5ffbce67efb", size = 82151, upload-time = "2026-06-20T23:48:01.303Z" },
    { url = "https://files.pythonhosted.org/packages/5f/b3/7e6e9fcf4fe7e1b69a49fe6cc5a44e8224bab6283c5233c97e132f14908e/wrapt-2.2.2-cp312-cp312-manylinux1_x86_64.manylinux_2_28_x86_64.manylinux_2_5_x86_64.whl", hash = "sha256:2e096c9d39a59b35b63c9aacfbbbec2088ff51ff1fc31051acc60a07f42f273a", size = 169828, upload-time = "2026-06-20T23:48:02.719Z" },
    { url = "https://files.pythonhosted.org/packages/0b/43/894f132d857ed5a9904d937baf368badcbe5ea9e436e2f1930fe21c9f1f0/wrapt-2.2.2-cp312-cp312-manylinux2014_aarch64.manylinux_2_17_aarch64.manylinux_2_28_aarch64.whl", hash = "sha256:6d1a6050405bf334be33bf66296f113563622972a34900ae6fa60fd283a1a900", size = 171544, upload-time = "2026-06-20T23:48:04.266Z" },
    { url = "https://files.pythonhosted.org/packages/29/de/3c833e03725b477e9ea34028224dd21a48781830101e4e036f77e8b6b102/wrapt-2.2.2-cp312-cp312-manylinux_2_31_riscv64.manylinux_2_39_riscv64.whl", hash = "sha256:10adb01371408c6de504a6658b9886480f1a4919a83752748a387a504a21df79", size = 160663, upload-time = "2026-06-20T23:48:05.708Z" },
    { url = "https://files.pythonhosted.org/packages/33/be/27edce350b24e3054d9d047f65f16d4c4d4c1f3f31c4278a1f8a95c723c8/wrapt-2.2.2-cp312-cp312-musllinux_1_2_aarch64.whl", hash = "sha256:3442eee2a5798f9b451f1b2cd7518ce8b7e28a2a364696c414460a0e295c012a", size = 169387, upload-time = "2026-06-20T23:48:07.243Z" },
    { url = "https://files.pythonhosted.org/packages/e2/c4/9fd9679af8bf38e146652c7f47b6b352c3e5795b4ad1c0b7f94e15ac2aa7/wrapt-2.2.2-cp312-cp312-musllinux_1_2_riscv64.whl", hash = "sha256:6c99012a22f735a85eed7c4b86a3e99c30fdd57d9e115b2b45f796264b58d0bf", size = 158849, upload-time = "2026-06-20T23:48:08.91Z" },
    { url = "https://files.pythonhosted.org/packages/bc/c2/aa6c0c2206803068c6859dabe01f8c84c43744da93d4c67b8946d21655ee/wrapt-2.2.2-cp312-cp312-musllinux_1_2_x86_64.whl", hash = "sha256:3b686cfc008776a3952d6213cb296ed7f45d782a8453936406faa89eac0835ab", size = 168147, upload-time = "2026-06-20T23:48:10.374Z" },
    { url = "https://files.pythonhosted.org/packages/42/63/3eb25da41049d20ae18fcab2dd8b056e02387c4bfa626cbdfb7c3b872e4f/wrapt-2.2.2-cp312-cp312-win32.whl", hash = "sha256:ef2cce266b5b0b07e19fa82e59673b81142b7a3607c8ed1254113d048ed668da", size = 77734, upload-time = "2026-06-20T23:48:11.769Z" },
    { url = "https://files.pythonhosted.org/packages/da/09/0390e008a305360948fa9ce69507d041ac12cb2ee5d28e34467e2ee79391/wrapt-2.2.2-cp312-cp312-win_amd64.whl", hash = "sha256:abf8c20a2d72ee69e16328b3c91342c446e723bfe48bfcc4dded3b9722ac027f", size = 80585, upload-time = "2026-06-20T23:48:13.117Z" },
    { url = "https://files.pythonhosted.org/packages/d3/b3/84c445c66969f2d3457276b183a48c91097d59bbef9af6c075366b0f8c36/wrapt-2.2.2-cp312-cp312-win_arm64.whl", hash = "sha256:c6c64c5d02578bc4c4bca4f0aef1504de933c1d5b4ac2710b9131111459506c8", size = 79553, upload-time = "2026-06-20T23:48:14.5Z" },
    { url = "https://files.pythonhosted.org/packages/6e/d2/6317eb6d4554855bbf12d61857774af34747bf88a42c19bf306de67e2fa3/wrapt-2.2.2-py3-none-any.whl", hash = "sha256:5bad217350f19ce99ca5b5e71d406765ea86fe541628426772b657375ee1c048", size = 61460, upload-time = "2026-06-20T23:49:42.966Z" },
]

[[package]]
name = "yamnet-streaming-novelty"
version = "0.1.0"
source = { virtual = "." }
dependencies = [
    { name = "numpy" },
    { name = "tensorflow" },
]

[package.metadata]
requires-dist = [
    { name = "numpy", specifier = "==2.3.5" },
    { name = "tensorflow", specifier = "==2.21.0" },
]
